// !$*UTF8*$!
{
	archiveVersion = 1;
	classes = {
	};
	objectVersion = 77;
	objects = {

/* Begin PBXBuildFile section */
		22C4CBA52DF85F5F0094F741 /* Cocoa.framework in Frameworks */ = {isa = PBXBuildFile; fileRef = 22C4CBA42DF85F5F0094F741 /* Cocoa.framework */; };
		22C4CBA72DF85F640094F741 /* IOKit.framework in Frameworks */ = {isa = PBXBuildFile; fileRef = 22C4CBA62DF85F640094F741 /* IOKit.framework */; };
		22C4CBA92DF85F6B0094F741 /* OpenGL.framework in Frameworks */ = {isa = PBXBuildFile; fileRef = 22C4CBA82DF85F6B0094F741 /* OpenGL.framework */; };
		22C4CBAB2DF85F880094F741 /* libglfw3.a in Frameworks */ = {isa = PBXBuildFile; fileRef = 22C4CBAA2DF85F880094F741 /* libglfw3.a */; };
		22C4CBB02DF85F930094F741 /* libGLEW.2.2.dylib in Frameworks */ = {isa = PBXBuildFile; fileRef = 22C4CBAC2DF85F930094F741 /* libGLEW.2.2.dylib */; };
		22C4CBB12DF85F930094F741 /* libGLEW.2.2.0.dylib in Frameworks */ = {isa = PBXBuildFile; fileRef = 22C4CBAD2DF85F930094F741 /* libGLEW.2.2.0.dylib */; };
		22C4CBB22DF85F930094F741 /* libGLEW.dylib in Frameworks */ = {isa = PBXBuildFile; fileRef = 22C4CBAE2DF85F930094F741 /* libGLEW.dylib */; };
		22C4CBB32DF85F930094F741 /* libGLEW.a in Frameworks */ = {isa = PBXBuildFile; fileRef = 22C4CBAF2DF85F930094F741 /* libGLEW.a */; };
/* End PBXBuildFile section */

/* Begin PBXCopyFilesBuildPhase section */
		22C4CB972DF85EEF0094F741 /* CopyFiles */ = {
			isa = PBXCopyFilesBuildPhase;
			buildActionMask = 2147483647;
			dstPath = /usr/share/man/man1/;
			dstSubfolderSpec = 0;
			files = (
			);
			runOnlyForDeploymentPostprocessing = 1;
		};
/* End PBXCopyFilesBuildPhase section */

/* Begin PBXFileReference section */
		22C4CB992DF85EEF0094F741 /* volumetric_rendering */ = {isa = PBXFileReference; explicitFileType = "compiled.mach-o.executable"; includeInIndex = 0; path = volumetric_rendering; sourceTree = BUILT_PRODUCTS_DIR; };
		22C4CBA42DF85F5F0094F741 /* Cocoa.framework */ = {isa = PBXFileReference; lastKnownFileType = wrapper.framework; name = Cocoa.framework; path = System/Library/Frameworks/Cocoa.framework; sourceTree = SDKROOT; };
		22C4CBA62DF85F640094F741 /* IOKit.framework */ = {isa = PBXFileReference; lastKnownFileType = wrapper.framework; name = IOKit.framework; path = System/Library/Frameworks/IOKit.framework; sourceTree = SDKROOT; };
		22C4CBA82DF85F6B0094F741 /* OpenGL.framework */ = {isa = PBXFileReference; lastKnownFileType = wrapper.framework; name = OpenGL.framework; path = System/Library/Frameworks/OpenGL.framework; sourceTree = SDKROOT; };
		22C4CBAA2DF85F880094F741 /* libglfw3.a */ = {isa = PBXFileReference; lastKnownFileType = archive.ar; name = libglfw3.a; path = ../DoA2/vendor/GLFW/lib/libglfw3.a; sourceTree = "<group>"; };
		22C4CBAC2DF85F930094F741 /* libGLEW.2.2.dylib */ = {isa = PBXFileReference; lastKnownFileType = "compiled.mach-o.dylib"; name = libGLEW.2.2.dylib; path = ../DoA2/vendor/glew/lib/libGLEW.2.2.dylib; sourceTree = "<group>"; };
		22C4CBAD2DF85F930094F741 /* libGLEW.2.2.0.dylib */ = {isa = PBXFileReference; lastKnownFileType = "compiled.mach-o.dylib"; name = libGLEW.2.2.0.dylib; path = ../DoA2/vendor/glew/lib/libGLEW.2.2.0.dylib; sourceTree = "<group>"; };
		22C4CBAE2DF85F930094F741 /* libGLEW.dylib */ = {isa = PBXFileReference; lastKnownFileType = "compiled.mach-o.dylib"; name = libGLEW.dylib; path = ../DoA2/vendor/glew/lib/libGLEW.dylib; sourceTree = "<group>"; };
		22C4CBAF2DF85F930094F741 /* libGLEW.a */ = {isa = PBXFileReference; lastKnownFileType = archive.ar; name = libGLEW.a; path = ../DoA2/vendor/glew/lib/libGLEW.a; sourceTree = "<group>"; };
/* End PBXFileReference section */

/* Begin PBXFileSystemSynchronizedRootGroup section */
		22C4CB9B2DF85EEF0094F741 /* volumetric_rendering */ = {
			isa = PBXFileSystemSynchronizedRootGroup;
			path = volumetric_rendering;
			sourceTree = "<group>";
		};
/* End PBXFileSystemSynchronizedRootGroup section */

/* Begin PBXFrameworksBuildPhase section */
		22C4CB962DF85EEF0094F741 /* Frameworks */ = {
			isa = PBXFrameworksBuildPhase;
			buildActionMask = 2147483647;
			files = (
				22C4CBA92DF85F6B0094F741 /* OpenGL.framework in Frameworks */,
				22C4CBA72DF85F640094F741 /* IOKit.framework in Frameworks */,
				22C4CBA52DF85F5F0094F741 /* Cocoa.framework in Frameworks */,
				22C4CBAB2DF85F880094F741 /* libglfw3.a in Frameworks */,
				22C4CBB02DF85F930094F741 /* libGLEW.2.2.dylib in Frameworks */,
				22C4CBB12DF85F930094F741 /* libGLEW.2.2.0.dylib in Frameworks */,
				22C4CBB22DF85F930094F741 /* libGLEW.dylib in Frameworks */,
				22C4CBB32DF85F930094F741 /* libGLEW.a in Frameworks */,
			);
			runOnlyForDeploymentPostprocessing = 0;
		};
/* End PBXFrameworksBuildPhase section */

/* Begin PBXGroup section */
		22C4CB902DF85EEF0094F741 = {
			isa = PBXGroup;
			children = (
				22C4CB9B2DF85EEF0094F741 /* volumetric_rendering */,
				22C4CBA32DF85F5F0094F741 /* Frameworks */,
				22C4CB9A2DF85EEF0094F741 /* Products */,
			);
			sourceTree = "<group>";
		};
		22C4CB9A2DF85EEF0094F741 /* Products */ = {
			isa = PBXGroup;
			children = (
				22C4CB992DF85EEF0094F741 /* volumetric_rendering */,
			);
			name = Products;
			sourceTree = "<group>";
		};
		22C4CBA32DF85F5F0094F741 /* Frameworks */ = {
			isa = PBXGroup;
			children = (
				22C4CBAF2DF85F930094F741 /* libGLEW.a */,
				22C4CBAE2DF85F930094F741 /* libGLEW.dylib */,
				22C4CBAC2DF85F930094F741 /* libGLEW.2.2.dylib */,
				22C4CBAD2DF85F930094F741 /* libGLEW.2.2.0.dylib */,
				22C4CBAA2DF85F880094F741 /* libglfw3.a */,
				22C4CBA82DF85F6B0094F741 /* OpenGL.framework */,
				22C4CBA62DF85F640094F741 /* IOKit.framework */,
				22C4CBA42DF85F5F0094F741 /* Cocoa.framework */,
			);
			name = Frameworks;
			sourceTree = "<group>";
		};
/* End PBXGroup section */

/* Begin PBXNativeTarget section */
		22C4CB982DF85EEF0094F741 /* volumetric_rendering */ = {
			isa = PBXNativeTarget;
			buildConfigurationList = 22C4CBA02DF85EEF0094F741 /* Build configuration list for PBXNativeTarget "volumetric_rendering" */;
			buildPhases = (
				22C4CB952DF85EEF0094F741 /* Sources */,
				22C4CB962DF85EEF0094F741 /* Frameworks */,
				22C4CB972DF85EEF0094F741 /* CopyFiles */,
			);
			buildRules = (
			);
			dependencies = (
			);
			fileSystemSynchronizedGroups = (
				22C4CB9B2DF85EEF0094F741 /* volumetric_rendering */,
			);
			name = volumetric_rendering;
			packageProductDependencies = (
			);
			productName = volumetric_rendering;
			productReference = 22C4CB992DF85EEF0094F741 /* volumetric_rendering */;
			productType = "com.apple.product-type.tool";
		};
/* End PBXNativeTarget section */

/* Begin PBXProject section */
		22C4CB912DF85EEF0094F741 /* Project object */ = {
			isa = PBXProject;
			attributes = {
				BuildIndependentTargetsInParallel = 1;
				LastUpgradeCheck = 1630;
				TargetAttributes = {
					22C4CB982DF85EEF0094F741 = {
						CreatedOnToolsVersion = 16.3;
					};
				};
			};
			buildConfigurationList = 22C4CB942DF85EEF0094F741 /* Build configuration list for PBXProject "volumetric_rendering" */;
			developmentRegion = en;
			hasScannedForEncodings = 0;
			knownRegions = (
				en,
				Base,
			);
			mainGroup = 22C4CB902DF85EEF0094F741;
			minimizedProjectReferenceProxies = 1;
			preferredProjectObjectVersion = 77;
			productRefGroup = 22C4CB9A2DF85EEF0094F741 /* Products */;
			projectDirPath = "";
			projectRoot = "";
			targets = (
				22C4CB982DF85EEF0094F741 /* volumetric_rendering */,
			);
		};
/* End PBXProject section */

/* Begin PBXSourcesBuildPhase section */
		22C4CB952DF85EEF0094F741 /* Sources */ = {
			isa = PBXSourcesBuildPhase;
			buildActionMask = 2147483647;
			files = (
			);
			runOnlyForDeploymentPostprocessing = 0;
		};
/* End PBXSourcesBuildPhase section */

/* Begin XCBuildConfiguration section */
		22C4CB9E2DF85EEF0094F741 /* Debug */ = {
			isa = XCBuildConfiguration;
			buildSettings = {
				ALWAYS_SEARCH_USER_PATHS = NO;
				ASSETCATALOG_COMPILER_GENERATE_SWIFT_ASSET_SYMBOL_EXTENSIONS = YES;
				CLANG_ANALYZER_NONNULL = YES;
				CLANG_ANALYZER_NUMBER_OBJECT_CONVERSION = YES_AGGRESSIVE;
				CLANG_CXX_LANGUAGE_STANDARD = "gnu++20";
				CLANG_ENABLE_MODULES = YES;
				CLANG_ENABLE_OBJC_ARC = YES;
				CLANG_ENABLE_OBJC_WEAK = YES;
				CLANG_WARN_BLOCK_CAPTURE_AUTORELEASING = YES;
				CLANG_WARN_BOOL_CONVERSION = YES;
				CLANG_WARN_COMMA = YES;
				CLANG_WARN_CONSTANT_CONVERSION = YES;
				CLANG_WARN_DEPRECATED_OBJC_IMPLEMENTATIONS = YES;
				CLANG_WARN_DIRECT_OBJC_ISA_USAGE = YES_ERROR;
				CLANG_WARN_DOCUMENTATION_COMMENTS = YES;
				CLANG_WARN_EMPTY_BODY = YES;
				CLANG_WARN_ENUM_CONVERSION = YES;
				CLANG_WARN_INFINITE_RECURSION = YES;
				CLANG_WARN_INT_CONVERSION = YES;
				CLANG_WARN_NON_LITERAL_NULL_CONVERSION = YES;
				CLANG_WARN_OBJC_IMPLICIT_RETAIN_SELF = YES;
				CLANG_WARN_OBJC_LITERAL_CONVERSION = YES;
				CLANG_WARN_OBJC_ROOT_CLASS = YES_ERROR;
				CLANG_WARN_QUOTED_INCLUDE_IN_FRAMEWORK_HEADER = YES;
				CLANG_WARN_RANGE_LOOP_ANALYSIS = YES;
				CLANG_WARN_STRICT_PROTOTYPES = YES;
				CLANG_WARN_SUSPICIOUS_MOVE = YES;
				CLANG_WARN_UNGUARDED_AVAILABILITY = YES_AGGRESSIVE;
				CLANG_WARN_UNREACHABLE_CODE = YES;
				CLANG_WARN__DUPLICATE_METHOD_MATCH = YES;
				COPY_PHASE_STRIP = NO;
				DEBUG_INFORMATION_FORMAT = dwarf;
				ENABLE_STRICT_OBJC_MSGSEND = YES;
				ENABLE_TESTABILITY = YES;
				ENABLE_USER_SCRIPT_SANDBOXING = YES;
				GCC_C_LANGUAGE_STANDARD = gnu17;
				GCC_DYNAMIC_NO_PIC = NO;
				GCC_NO_COMMON_BLOCKS = YES;
				GCC_OPTIMIZATION_LEVEL = 0;
				GCC_PREPROCESSOR_DEFINITIONS = (
					"DEBUG=1",
					"$(inherited)",
				);
				GCC_WARN_64_TO_32_BIT_CONVERSION = YES;
				GCC_WARN_ABOUT_RETURN_TYPE = YES_ERROR;
				GCC_WARN_UNDECLARED_SELECTOR = YES;
				GCC_WARN_UNINITIALIZED_AUTOS = YES_AGGRESSIVE;
				GCC_WARN_UNUSED_FUNCTION = YES;
				GCC_WARN_UNUSED_VARIABLE = YES;
				LOCALIZATION_PREFERS_STRING_CATALOGS = YES;
				MACOSX_DEPLOYMENT_TARGET = 15.4;
				MTL_ENABLE_DEBUG_INFO = INCLUDE_SOURCE;
				MTL_FAST_MATH = YES;
				ONLY_ACTIVE_ARCH = YES;
				SDKROOT = macosx;
			};
			name = Debug;
		};
		22C4CB9F2DF85EEF0094F741 /* Release */ = {
			isa = XCBuildConfiguration;
			buildSettings = {
				ALWAYS_SEARCH_USER_PATHS = NO;
				ASSETCATALOG_COMPILER_GENERATE_SWIFT_ASSET_SYMBOL_EXTENSIONS = YES;
				CLANG_ANALYZER_NONNULL = YES;
				CLANG_ANALYZER_NUMBER_OBJECT_CONVERSION = YES_AGGRESSIVE;
				CLANG_CXX_LANGUAGE_STANDARD = "gnu++20";
				CLANG_ENABLE_MODULES = YES;
				CLANG_ENABLE_OBJC_ARC = YES;
				CLANG_ENABLE_OBJC_WEAK = YES;
				CLANG_WARN_BLOCK_CAPTURE_AUTORELEASING = YES;
				CLANG_WARN_BOOL_CONVERSION = YES;
				CLANG_WARN_COMMA = YES;
				CLANG_WARN_CONSTANT_CONVERSION = YES;
				CLANG_WARN_DEPRECATED_OBJC_IMPLEMENTATIONS = YES;
				CLANG_WARN_DIRECT_OBJC_ISA_USAGE = YES_ERROR;
				CLANG_WARN_DOCUMENTATION_COMMENTS = YES;
				CLANG_WARN_EMPTY_BODY = YES;
				CLANG_WARN_ENUM_CONVERSION = YES;
				CLANG_WARN_INFINITE_RECURSION = YES;
				CLANG_WARN_INT_CONVERSION = YES;
				CLANG_WARN_NON_LITERAL_NULL_CONVERSION = YES;
				CLANG_WARN_OBJC_IMPLICIT_RETAIN_SELF = YES;
				CLANG_WARN_OBJC_LITERAL_CONVERSION = YES;
				CLANG_WARN_OBJC_ROOT_CLASS = YES_ERROR;
				CLANG_WARN_QUOTED_INCLUDE_IN_FRAMEWORK_HEADER = YES;
				CLANG_WARN_RANGE_LOOP_ANALYSIS = YES;
				CLANG_WARN_STRICT_PROTOTYPES = YES;
				CLANG_WARN_SUSPICIOUS_MOVE = YES;
				CLANG_WARN_UNGUARDED_AVAILABILITY = YES_AGGRESSIVE;
				CLANG_WARN_UNREACHABLE_CODE = YES;
				CLANG_WARN__DUPLICATE_METHOD_MATCH = YES;
				COPY_PHASE_STRIP = NO;
				DEBUG_INFORMATION_FORMAT = "dwarf-with-dsym";
				ENABLE_NS_ASSERTIONS = NO;
				ENABLE_STRICT_OBJC_MSGSEND = YES;
				ENABLE_USER_SCRIPT_SANDBOXING = YES;
				GCC_C_LANGUAGE_STANDARD = gnu17;
				GCC_NO_COMMON_BLOCKS = YES;
				GCC_WARN_64_TO_32_BIT_CONVERSION = YES;
				GCC_WARN_ABOUT_RETURN_TYPE = YES_ERROR;
				GCC_WARN_UNDECLARED_SELECTOR = YES;
				GCC_WARN_UNINITIALIZED_AUTOS = YES_AGGRESSIVE;
				GCC_WARN_UNUSED_FUNCTION = YES;
				GCC_WARN_UNUSED_VARIABLE = YES;
				LOCALIZATION_PREFERS_STRING_CATALOGS = YES;
				MACOSX_DEPLOYMENT_TARGET = 15.4;
				MTL_ENABLE_DEBUG_INFO = NO;
				MTL_FAST_MATH = YES;
				SDKROOT = macosx;
			};
			name = Release;
		};
		22C4CBA12DF85EEF0094F741 /* Debug */ = {
			isa = XCBuildConfiguration;
			buildSettings = {
				CODE_SIGN_STYLE = Automatic;
				HEADER_SEARCH_PATHS = (
					/Users/dmitriwamback/Documents/Projects/DoA2/vendor/glew/include,
					/Users/dmitriwamback/Documents/Projects/DoA2/vendor/GLFW,
					/Users/dmitriwamback/Documents/Projects/DoA2/glm,
				);
				LIBRARY_SEARCH_PATHS = (
					"\"/Users/dmitriwamback/Documents/Projects/DoA2/vendor/glew/lib\"",
					/Users/dmitriwamback/Documents/Projects/DoA2/vendor/GLFW/lib,
				);
				PRODUCT_NAME = "$(TARGET_NAME)";
			};
			name = Debug;
		};
		22C4CBA22DF85EEF0094F741 /* Release */ = {
			isa = XCBuildConfiguration;
			buildSettings = {
				CODE_SIGN_STYLE = Automatic;
				HEADER_SEARCH_PATHS = (
					/Users/dmitriwamback/Documents/Projects/DoA2/vendor/glew/include,
					/Users/dmitriwamback/Documents/Projects/DoA2/vendor/GLFW,
					/Users/dmitriwamback/Documents/Projects/DoA2/glm,
				);
				LIBRARY_SEARCH_PATHS = (
					"\"/Users/dmitriwamback/Documents/Projects/DoA2/vendor/glew/lib\"",
					/Users/dmitriwamback/Documents/Projects/DoA2/vendor/GLFW/lib,
				);
				PRODUCT_NAME = "$(TARGET_NAME)";
			};
			name = Release;
		};
/* End XCBuildConfiguration section */

/* Begin XCConfigurationList section */
		22C4CB942DF85EEF0094F741 /* Build configuration list for PBXProject "volumetric_rendering" */ = {
			isa = XCConfigurationList;
			buildConfigurations = (
				22C4CB9E2DF85EEF0094F741 /* Debug */,
				22C4CB9F2DF85EEF0094F741 /* Release */,
			);
			defaultConfigurationIsVisible = 0;
			defaultConfigurationName = Release;
		};
		22C4CBA02DF85EEF0094F741 /* Build configuration list for PBXNativeTarget "volumetric_rendering" */ = {
			isa = XCConfigurationList;
			buildConfigurations = (
				22C4CBA12DF85EEF0094F741 /* Debug */,
				22C4CBA22DF85EEF0094F741 /* Release */,
			);
			defaultConfigurationIsVisible = 0;
			defaultConfigurationName = Release;
		};
/* End XCConfigurationList section */
	};
	rootObject = 22C4CB912DF85EEF0094F741 /* Project object */;
}
